github.com/Eyevinn/mp4ff v0.56.0 h1:K81hqadHOLqQP+Rr610dwy7Cn3tLLEejCljzIfcNo+k=
github.com/Eyevinn/mp4ff v0.56.0/go.mod h1:AhC+bOI7GSZmzuN4zFY9U76qMedbHI+8BdQXWrC9+8U=
github.com/go-test/deep v1.1.0 h1:WOcxcdHcvdgThNXjw0t76K42FXTU7HpNQWHpA2HHNlg=
github.com/go-test/deep v1.1.0/go.mod h1:5C2ZWiW0ErCdrYzpqxLbTX7MG14M9iiw8DgHncVwcsE=
github.com/skip2/go-qrcode v0.0.0-20200617195104-da1b6568686e h1:MRM5ITcdelLK2j1vwZ3Je0FKVCfqOLp5zO6trqMLYs0=
github.com/skip2/go-qrcode v0.0.0-20200617195104-da1b6568686e/go.mod h1:XV66xRDqSt+GTGFMVlhk3ULuV0y9ZmzeVGR4mloJI3M=
